
Microsoft Visual Studio Solution File, Format Version 12.00
# Visual Studio Version 16
VisualStudioVersion = 16.0.30907.101
MinimumVisualStudioVersion = 10.0.40219.1
Project("{FAE04EC0-301F-11D3-BF4B-00C04F79EFBC}") = "EmployeeManagment", "EmployeeManagment\EmployeeManagment.csproj", "{810D60A2-22DB-46FC-AA01-92BC438481D5}"
EndProject
Global
	GlobalSection(SolutionConfigurationPlatforms) = preSolution
		Debug|Any CPU = Debug|Any CPU
		Release|Any CPU = Release|Any CPU
	EndGlobalSection
	GlobalSection(ProjectConfigurationPlatforms) = postSolution
		{810D60A2-22DB-46FC-AA01-92BC438481D5}.Debug|Any CPU.ActiveCfg = Debug|Any CPU
		{810D60A2-22DB-46FC-AA01-92BC438481D5}.Debug|Any CPU.Build.0 = Debug|Any CPU
		{810D60A2-22DB-46FC-AA01-92BC438481D5}.Release|Any CPU.ActiveCfg = Release|Any CPU
		{810D60A2-22DB-46FC-AA01-92BC438481D5}.Release|Any CPU.Build.0 = Release|Any CPU
	EndGlobalSection
	GlobalSection(SolutionProperties) = preSolution
		HideSolutionNode = FALSE
	EndGlobalSection
	GlobalSection(ExtensibilityGlobals) = postSolution
		SolutionGuid = {04E6EBD8-6BCA-4C4A-983F-CB02502B2F61}
	EndGlobalSection
EndGlobal
